
Microsoft Visual Studio Solution File, Format Version 12.00
# Visual Studio Version 17
VisualStudioVersion = 17.1.32210.238
MinimumVisualStudioVersion = 10.0.40219.1
Project("{FAE04EC0-301F-11D3-BF4B-00C04F79EFBC}") = "DiaNamorados", "DiaNamorados\DiaNamorados.csproj", "{69DC0D1F-EAA1-4431-9870-DE1CA7FE1703}"
EndProject
Global
	GlobalSection(SolutionConfigurationPlatforms) = preSolution
		Debug|Any CPU = Debug|Any CPU
		Release|Any CPU = Release|Any CPU
	EndGlobalSection
	GlobalSection(ProjectConfigurationPlatforms) = postSolution
		{69DC0D1F-EAA1-4431-9870-DE1CA7FE1703}.Debug|Any CPU.ActiveCfg = Debug|Any CPU
		{69DC0D1F-EAA1-4431-9870-DE1CA7FE1703}.Debug|Any CPU.Build.0 = Debug|Any CPU
		{69DC0D1F-EAA1-4431-9870-DE1CA7FE1703}.Release|Any CPU.ActiveCfg = Release|Any CPU
		{69DC0D1F-EAA1-4431-9870-DE1CA7FE1703}.Release|Any CPU.Build.0 = Release|Any CPU
	EndGlobalSection
	GlobalSection(SolutionProperties) = preSolution
		HideSolutionNode = FALSE
	EndGlobalSection
	GlobalSection(ExtensibilityGlobals) = postSolution
		SolutionGuid = {C62C04DD-AE9D-4FF6-A1B2-7AD522818B5E}
	EndGlobalSection
EndGlobal
